// !$*UTF8*$!
{
	archiveVersion = 1;
	classes = {
	};
	objectVersion = 46;
	objects = {

/* Begin PBXBuildFile section */
		12981D921A5912E500B10925 /* main.m in Sources */ = {isa = PBXBuildFile; fileRef = 12981D911A5912E500B10925 /* main.m */; };
		12981D951A5912E500B10925 /* AppDelegate.m in Sources */ = {isa = PBXBuildFile; fileRef = 12981D941A5912E500B10925 /* AppDelegate.m */; };
		12981D9D1A5912E500B10925 /* Images.xcassets in Resources */ = {isa = PBXBuildFile; fileRef = 12981D9C1A5912E500B10925 /* Images.xcassets */; };
		12981DB61A59168700B10925 /* libNovaSDK.a in Frameworks */ = {isa = PBXBuildFile; fileRef = 12981DB51A59168700B10925 /* libNovaSDK.a */; };
/* End PBXBuildFile section */

/* Begin PBXFileReference section */
		12981D8C1A5912E500B10925 /* NovaHelloWorldObjC.app */ = {isa = PBXFileReference; explicitFileType = wrapper.application; includeInIndex = 0; path = NovaHelloWorldObjC.app; sourceTree = BUILT_PRODUCTS_DIR; };
		12981D901A5912E500B10925 /* Info.plist */ = {isa = PBXFileReference; lastKnownFileType = text.plist.xml; path = Info.plist; sourceTree = "<group>"; };
		12981D911A5912E500B10925 /* main.m */ = {isa = PBXFileReference; lastKnownFileType = sourcecode.c.objc; path = main.m; sourceTree = "<group>"; };
		12981D931A5912E500B10925 /* AppDelegate.h */ = {isa = PBXFileReference; lastKnownFileType = sourcecode.c.h; path = AppDelegate.h; sourceTree = "<group>"; };
		12981D941A5912E500B10925 /* AppDelegate.m */ = {isa = PBXFileReference; lastKnownFileType = sourcecode.c.objc; path = AppDelegate.m; sourceTree = "<group>"; };
		12981D9C1A5912E500B10925 /* Images.xcassets */ = {isa = PBXFileReference; lastKnownFileType = folder.assetcatalog; path = Images.xcassets; sourceTree = "<group>"; };
		12981DB51A59168700B10925 /* libNovaSDK.a */ = {isa = PBXFileReference; lastKnownFileType = archive.ar; name = libNovaSDK.a; path = "../../../../Library/Developer/Xcode/DerivedData/NovaSDK-adfrolsjnyddqafnzhftnzgsdyhn/Build/Products/Debug-iphoneos/libNovaSDK.a"; sourceTree = "<group>"; };
/* End PBXFileReference section */

/* Begin PBXFrameworksBuildPhase section */
		12981D891A5912E500B10925 /* Frameworks */ = {
			isa = PBXFrameworksBuildPhase;
			buildActionMask = 2147483647;
			files = (
				12981DB61A59168700B10925 /* libNovaSDK.a in Frameworks */,
			);
			runOnlyForDeploymentPostprocessing = 0;
		};
/* End PBXFrameworksBuildPhase section */

/* Begin PBXGroup section */
		12981D831A5912E500B10925 = {
			isa = PBXGroup;
			children = (
				12981DB51A59168700B10925 /* libNovaSDK.a */,
				12981D8E1A5912E500B10925 /* NovaHelloWorldObjC */,
				12981D8D1A5912E500B10925 /* Products */,
			);
			sourceTree = "<group>";
		};
		12981D8D1A5912E500B10925 /* Products */ = {
			isa = PBXGroup;
			children = (
				12981D8C1A5912E500B10925 /* NovaHelloWorldObjC.app */,
			);
			name = Products;
			sourceTree = "<group>";
		};
		12981D8E1A5912E500B10925 /* NovaHelloWorldObjC */ = {
			isa = PBXGroup;
			children = (
				12981D931A5912E500B10925 /* AppDelegate.h */,
				12981D941A5912E500B10925 /* AppDelegate.m */,
				12981D9C1A5912E500B10925 /* Images.xcassets */,
				12981D8F1A5912E500B10925 /* Supporting Files */,
			);
			path = NovaHelloWorldObjC;
			sourceTree = "<group>";
		};
		12981D8F1A5912E500B10925 /* Supporting Files */ = {
			isa = PBXGroup;
			children = (
				12981D901A5912E500B10925 /* Info.plist */,
				12981D911A5912E500B10925 /* main.m */,
			);
			name = "Supporting Files";
			sourceTree = "<group>";
		};
/* End PBXGroup section */

/* Begin PBXNativeTarget section */
		12981D8B1A5912E500B10925 /* NovaHelloWorldObjC */ = {
			isa = PBXNativeTarget;
			buildConfigurationList = 12981DAF1A5912E500B10925 /* Build configuration list for PBXNativeTarget "NovaHelloWorldObjC" */;
			buildPhases = (
				12981D881A5912E500B10925 /* Sources */,
				12981D891A5912E500B10925 /* Frameworks */,
				12981D8A1A5912E500B10925 /* Resources */,
			);
			buildRules = (
			);
			dependencies = (
			);
			name = NovaHelloWorldObjC;
			productName = NovaHelloWorldObjC;
			productReference = 12981D8C1A5912E500B10925 /* NovaHelloWorldObjC.app */;
			productType = "com.apple.product-type.application";
		};
/* End PBXNativeTarget section */

/* Begin PBXProject section */
		12981D841A5912E500B10925 /* Project object */ = {
			isa = PBXProject;
			attributes = {
				LastUpgradeCheck = 0610;
				ORGANIZATIONNAME = "Sneaky Squid";
				TargetAttributes = {
					12981D8B1A5912E500B10925 = {
						CreatedOnToolsVersion = 6.1.1;
					};
				};
			};
			buildConfigurationList = 12981D871A5912E500B10925 /* Build configuration list for PBXProject "NovaHelloWorldObjC" */;
			compatibilityVersion = "Xcode 3.2";
			developmentRegion = English;
			hasScannedForEncodings = 0;
			knownRegions = (
				en,
				Base,
			);
			mainGroup = 12981D831A5912E500B10925;
			productRefGroup = 12981D8D1A5912E500B10925 /* Products */;
			projectDirPath = "";
			projectRoot = "";
			targets = (
				12981D8B1A5912E500B10925 /* NovaHelloWorldObjC */,
			);
		};
/* End PBXProject section */

/* Begin PBXResourcesBuildPhase section */
		12981D8A1A5912E500B10925 /* Resources */ = {
			isa = PBXResourcesBuildPhase;
			buildActionMask = 2147483647;
			files = (
				12981D9D1A5912E500B10925 /* Images.xcassets in Resources */,
			);
			runOnlyForDeploymentPostprocessing = 0;
		};
/* End PBXResourcesBuildPhase section */

/* Begin PBXSourcesBuildPhase section */
		12981D881A5912E500B10925 /* Sources */ = {
			isa = PBXSourcesBuildPhase;
			buildActionMask = 2147483647;
			files = (
				12981D951A5912E500B10925 /* AppDelegate.m in Sources */,
				12981D921A5912E500B10925 /* main.m in Sources */,
			);
			runOnlyForDeploymentPostprocessing = 0;
		};
/* End PBXSourcesBuildPhase section */

/* Begin XCBuildConfiguration section */
		12981DAD1A5912E500B10925 /* Debug */ = {
			isa = XCBuildConfiguration;
			buildSettings = {
				ALWAYS_SEARCH_USER_PATHS = NO;
				CLANG_CXX_LANGUAGE_STANDARD = "gnu++0x";
				CLANG_CXX_LIBRARY = "libc++";
				CLANG_ENABLE_MODULES = YES;
				CLANG_ENABLE_OBJC_ARC = YES;
				CLANG_WARN_BOOL_CONVERSION = YES;
				CLANG_WARN_CONSTANT_CONVERSION = YES;
				CLANG_WARN_DIRECT_OBJC_ISA_USAGE = YES_ERROR;
				CLANG_WARN_EMPTY_BODY = YES;
				CLANG_WARN_ENUM_CONVERSION = YES;
				CLANG_WARN_INT_CONVERSION = YES;
				CLANG_WARN_OBJC_ROOT_CLASS = YES_ERROR;
				CLANG_WARN_UNREACHABLE_CODE = YES;
				CLANG_WARN__DUPLICATE_METHOD_MATCH = YES;
				"CODE_SIGN_IDENTITY[sdk=iphoneos*]" = "iPhone Developer";
				COPY_PHASE_STRIP = NO;
				ENABLE_STRICT_OBJC_MSGSEND = YES;
				GCC_C_LANGUAGE_STANDARD = gnu99;
				GCC_DYNAMIC_NO_PIC = NO;
				GCC_OPTIMIZATION_LEVEL = 0;
				GCC_PREPROCESSOR_DEFINITIONS = (
					"DEBUG=1",
					"$(inherited)",
				);
				GCC_SYMBOLS_PRIVATE_EXTERN = NO;
				GCC_WARN_64_TO_32_BIT_CONVERSION = YES;
				GCC_WARN_ABOUT_RETURN_TYPE = YES_ERROR;
				GCC_WARN_UNDECLARED_SELECTOR = YES;
				GCC_WARN_UNINITIALIZED_AUTOS = YES_AGGRESSIVE;
				GCC_WARN_UNUSED_FUNCTION = YES;
				GCC_WARN_UNUSED_VARIABLE = YES;
				IPHONEOS_DEPLOYMENT_TARGET = 8.1;
				MTL_ENABLE_DEBUG_INFO = YES;
				ONLY_ACTIVE_ARCH = YES;
				SDKROOT = iphoneos;
				TARGETED_DEVICE_FAMILY = "1,2";
			};
			name = Debug;
		};
		12981DAE1A5912E500B10925 /* Release */ = {
			isa = XCBuildConfiguration;
			buildSettings = {
				ALWAYS_SEARCH_USER_PATHS = NO;
				CLANG_CXX_LANGUAGE_STANDARD = "gnu++0x";
				CLANG_CXX_LIBRARY = "libc++";
				CLANG_ENABLE_MODULES = YES;
				CLANG_ENABLE_OBJC_ARC = YES;
				CLANG_WARN_BOOL_CONVERSION = YES;
				CLANG_WARN_CONSTANT_CONVERSION = YES;
				CLANG_WARN_DIRECT_OBJC_ISA_USAGE = YES_ERROR;
				CLANG_WARN_EMPTY_BODY = YES;
				CLANG_WARN_ENUM_CONVERSION = YES;
				CLANG_WARN_INT_CONVERSION = YES;
				CLANG_WARN_OBJC_ROOT_CLASS = YES_ERROR;
				CLANG_WARN_UNREACHABLE_CODE = YES;
				CLANG_WARN__DUPLICATE_METHOD_MATCH = YES;
				"CODE_SIGN_IDENTITY[sdk=iphoneos*]" = "iPhone Developer";
				COPY_PHASE_STRIP = YES;
				ENABLE_NS_ASSERTIONS = NO;
				ENABLE_STRICT_OBJC_MSGSEND = YES;
				GCC_C_LANGUAGE_STANDARD = gnu99;
				GCC_WARN_64_TO_32_BIT_CONVERSION = YES;
				GCC_WARN_ABOUT_RETURN_TYPE = YES_ERROR;
				GCC_WARN_UNDECLARED_SELECTOR = YES;
				GCC_WARN_UNINITIALIZED_AUTOS = YES_AGGRESSIVE;
				GCC_WARN_UNUSED_FUNCTION = YES;
				GCC_WARN_UNUSED_VARIABLE = YES;
				IPHONEOS_DEPLOYMENT_TARGET = 8.1;
				MTL_ENABLE_DEBUG_INFO = NO;
				SDKROOT = iphoneos;
				TARGETED_DEVICE_FAMILY = "1,2";
				VALIDATE_PRODUCT = YES;
			};
			name = Release;
		};
		12981DB01A5912E500B10925 /* Debug */ = {
			isa = XCBuildConfiguration;
			buildSettings = {
				ASSETCATALOG_COMPILER_APPICON_NAME = AppIcon;
				INFOPLIST_FILE = NovaHelloWorldObjC/Info.plist;
				LD_RUNPATH_SEARCH_PATHS = "$(inherited) @executable_path/Frameworks";
				LIBRARY_SEARCH_PATHS = (
					"$(inherited)",
					"$(USER_LIBRARY_DIR)/Developer/Xcode/DerivedData/NovaSDK-adfrolsjnyddqafnzhftnzgsdyhn/Build/Products/Debug-iphoneos",
				);
				PRODUCT_NAME = "$(TARGET_NAME)";
			};
			name = Debug;
		};
		12981DB11A5912E500B10925 /* Release */ = {
			isa = XCBuildConfiguration;
			buildSettings = {
				ASSETCATALOG_COMPILER_APPICON_NAME = AppIcon;
				INFOPLIST_FILE = NovaHelloWorldObjC/Info.plist;
				LD_RUNPATH_SEARCH_PATHS = "$(inherited) @executable_path/Frameworks";
				LIBRARY_SEARCH_PATHS = (
					"$(inherited)",
					"$(USER_LIBRARY_DIR)/Developer/Xcode/DerivedData/NovaSDK-adfrolsjnyddqafnzhftnzgsdyhn/Build/Products/Debug-iphoneos",
				);
				PRODUCT_NAME = "$(TARGET_NAME)";
			};
			name = Release;
		};
/* End XCBuildConfiguration section */

/* Begin XCConfigurationList section */
		12981D871A5912E500B10925 /* Build configuration list for PBXProject "NovaHelloWorldObjC" */ = {
			isa = XCConfigurationList;
			buildConfigurations = (
				12981DAD1A5912E500B10925 /* Debug */,
				12981DAE1A5912E500B10925 /* Release */,
			);
			defaultConfigurationIsVisible = 0;
			defaultConfigurationName = Release;
		};
		12981DAF1A5912E500B10925 /* Build configuration list for PBXNativeTarget "NovaHelloWorldObjC" */ = {
			isa = XCConfigurationList;
			buildConfigurations = (
				12981DB01A5912E500B10925 /* Debug */,
				12981DB11A5912E500B10925 /* Release */,
			);
			defaultConfigurationIsVisible = 0;
		};
/* End XCConfigurationList section */
	};
	rootObject = 12981D841A5912E500B10925 /* Project object */;
}
